
Microsoft Visual Studio Solution File, Format Version 12.00
# Visual Studio Version 17
VisualStudioVersion = 17.8.34601.278
MinimumVisualStudioVersion = 10.0.40219.1
Project("{FAE04EC0-301F-11D3-BF4B-00C04F79EFBC}") = "HealthilyAPI", "HealthilyAPI\HealthilyAPI.csproj", "{A296ACEE-69A2-47BA-9D47-CC6464851220}"
EndProject
Global
	GlobalSection(SolutionConfigurationPlatforms) = preSolution
		Debug|Any CPU = Debug|Any CPU
		Release|Any CPU = Release|Any CPU
	EndGlobalSection
	GlobalSection(ProjectConfigurationPlatforms) = postSolution
		{A296ACEE-69A2-47BA-9D47-CC6464851220}.Debug|Any CPU.ActiveCfg = Debug|Any CPU
		{A296ACEE-69A2-47BA-9D47-CC6464851220}.Debug|Any CPU.Build.0 = Debug|Any CPU
		{A296ACEE-69A2-47BA-9D47-CC6464851220}.Release|Any CPU.ActiveCfg = Release|Any CPU
		{A296ACEE-69A2-47BA-9D47-CC6464851220}.Release|Any CPU.Build.0 = Release|Any CPU
	EndGlobalSection
	GlobalSection(SolutionProperties) = preSolution
		HideSolutionNode = FALSE
	EndGlobalSection
	GlobalSection(ExtensibilityGlobals) = postSolution
		SolutionGuid = {AAAF4805-2C53-42B2-B6C5-4A991FED0C6C}
	EndGlobalSection
EndGlobal
